// !$*UTF8*$!
{
	archiveVersion = 1;
	classes = {
	};
	objectVersion = 46;
	objects = {

/* Begin PBXBuildFile section */
		D1F1E6E91B0E76E3006482B6 /* main.m in Sources */ = {isa = PBXBuildFile; fileRef = D1F1E6E81B0E76E3006482B6 /* main.m */; };
		D1F1E6EC1B0E76E3006482B6 /* AppDelegate.m in Sources */ = {isa = PBXBuildFile; fileRef = D1F1E6EB1B0E76E3006482B6 /* AppDelegate.m */; };
		D1F1E6EF1B0E76E3006482B6 /* Dummy_Init.xcdatamodeld in Sources */ = {isa = PBXBuildFile; fileRef = D1F1E6ED1B0E76E3006482B6 /* Dummy_Init.xcdatamodeld */; };
		D1F1E6F21B0E76E3006482B6 /* ViewController.m in Sources */ = {isa = PBXBuildFile; fileRef = D1F1E6F11B0E76E3006482B6 /* ViewController.m */; };
		D1F1E6F51B0E76E3006482B6 /* Main.storyboard in Resources */ = {isa = PBXBuildFile; fileRef = D1F1E6F31B0E76E3006482B6 /* Main.storyboard */; };
		D1F1E6F71B0E76E3006482B6 /* Images.xcassets in Resources */ = {isa = PBXBuildFile; fileRef = D1F1E6F61B0E76E3006482B6 /* Images.xcassets */; };
		D1F1E6FA1B0E76E3006482B6 /* LaunchScreen.xib in Resources */ = {isa = PBXBuildFile; fileRef = D1F1E6F81B0E76E3006482B6 /* LaunchScreen.xib */; };
		D1F1E7061B0E76E3006482B6 /* Dummy_InitTests.m in Sources */ = {isa = PBXBuildFile; fileRef = D1F1E7051B0E76E3006482B6 /* Dummy_InitTests.m */; };
/* End PBXBuildFile section */

/* Begin PBXContainerItemProxy section */
		D1F1E7001B0E76E3006482B6 /* PBXContainerItemProxy */ = {
			isa = PBXContainerItemProxy;
			containerPortal = D1F1E6DB1B0E76E3006482B6 /* Project object */;
			proxyType = 1;
			remoteGlobalIDString = D1F1E6E21B0E76E3006482B6;
			remoteInfo = "Dummy Init";
		};
/* End PBXContainerItemProxy section */

/* Begin PBXFileReference section */
		D1F1E6E31B0E76E3006482B6 /* Dummy Init.app */ = {isa = PBXFileReference; explicitFileType = wrapper.application; includeInIndex = 0; path = "Dummy Init.app"; sourceTree = BUILT_PRODUCTS_DIR; };
		D1F1E6E71B0E76E3006482B6 /* Info.plist */ = {isa = PBXFileReference; lastKnownFileType = text.plist.xml; path = Info.plist; sourceTree = "<group>"; };
		D1F1E6E81B0E76E3006482B6 /* main.m */ = {isa = PBXFileReference; lastKnownFileType = sourcecode.c.objc; path = main.m; sourceTree = "<group>"; };
		D1F1E6EA1B0E76E3006482B6 /* AppDelegate.h */ = {isa = PBXFileReference; lastKnownFileType = sourcecode.c.h; path = AppDelegate.h; sourceTree = "<group>"; };
		D1F1E6EB1B0E76E3006482B6 /* AppDelegate.m */ = {isa = PBXFileReference; lastKnownFileType = sourcecode.c.objc; path = AppDelegate.m; sourceTree = "<group>"; };
		D1F1E6EE1B0E76E3006482B6 /* Dummy_Init.xcdatamodel */ = {isa = PBXFileReference; lastKnownFileType = wrapper.xcdatamodel; path = Dummy_Init.xcdatamodel; sourceTree = "<group>"; };
		D1F1E6F01B0E76E3006482B6 /* ViewController.h */ = {isa = PBXFileReference; lastKnownFileType = sourcecode.c.h; path = ViewController.h; sourceTree = "<group>"; };
		D1F1E6F11B0E76E3006482B6 /* ViewController.m */ = {isa = PBXFileReference; lastKnownFileType = sourcecode.c.objc; path = ViewController.m; sourceTree = "<group>"; };
		D1F1E6F41B0E76E3006482B6 /* Base */ = {isa = PBXFileReference; lastKnownFileType = file.storyboard; name = Base; path = Base.lproj/Main.storyboard; sourceTree = "<group>"; };
		D1F1E6F61B0E76E3006482B6 /* Images.xcassets */ = {isa = PBXFileReference; lastKnownFileType = folder.assetcatalog; path = Images.xcassets; sourceTree = "<group>"; };
		D1F1E6F91B0E76E3006482B6 /* Base */ = {isa = PBXFileReference; lastKnownFileType = file.xib; name = Base; path = Base.lproj/LaunchScreen.xib; sourceTree = "<group>"; };
		D1F1E6FF1B0E76E3006482B6 /* Dummy InitTests.xctest */ = {isa = PBXFileReference; explicitFileType = wrapper.cfbundle; includeInIndex = 0; path = "Dummy InitTests.xctest"; sourceTree = BUILT_PRODUCTS_DIR; };
		D1F1E7041B0E76E3006482B6 /* Info.plist */ = {isa = PBXFileReference; lastKnownFileType = text.plist.xml; path = Info.plist; sourceTree = "<group>"; };
		D1F1E7051B0E76E3006482B6 /* Dummy_InitTests.m */ = {isa = PBXFileReference; lastKnownFileType = sourcecode.c.objc; path = Dummy_InitTests.m; sourceTree = "<group>"; };
/* End PBXFileReference section */

/* Begin PBXFrameworksBuildPhase section */
		D1F1E6E01B0E76E3006482B6 /* Frameworks */ = {
			isa = PBXFrameworksBuildPhase;
			buildActionMask = 2147483647;
			files = (
			);
			runOnlyForDeploymentPostprocessing = 0;
		};
		D1F1E6FC1B0E76E3006482B6 /* Frameworks */ = {
			isa = PBXFrameworksBuildPhase;
			buildActionMask = 2147483647;
			files = (
			);
			runOnlyForDeploymentPostprocessing = 0;
		};
/* End PBXFrameworksBuildPhase section */

/* Begin PBXGroup section */
		D1F1E6DA1B0E76E3006482B6 = {
			isa = PBXGroup;
			children = (
				D1F1E6E51B0E76E3006482B6 /* Dummy Init */,
				D1F1E7021B0E76E3006482B6 /* Dummy InitTests */,
				D1F1E6E41B0E76E3006482B6 /* Products */,
			);
			sourceTree = "<group>";
		};
		D1F1E6E41B0E76E3006482B6 /* Products */ = {
			isa = PBXGroup;
			children = (
				D1F1E6E31B0E76E3006482B6 /* Dummy Init.app */,
				D1F1E6FF1B0E76E3006482B6 /* Dummy InitTests.xctest */,
			);
			name = Products;
			sourceTree = "<group>";
		};
		D1F1E6E51B0E76E3006482B6 /* Dummy Init */ = {
			isa = PBXGroup;
			children = (
				D1F1E6EA1B0E76E3006482B6 /* AppDelegate.h */,
				D1F1E6EB1B0E76E3006482B6 /* AppDelegate.m */,
				D1F1E6F01B0E76E3006482B6 /* ViewController.h */,
				D1F1E6F11B0E76E3006482B6 /* ViewController.m */,
				D1F1E6F31B0E76E3006482B6 /* Main.storyboard */,
				D1F1E6F61B0E76E3006482B6 /* Images.xcassets */,
				D1F1E6F81B0E76E3006482B6 /* LaunchScreen.xib */,
				D1F1E6ED1B0E76E3006482B6 /* Dummy_Init.xcdatamodeld */,
				D1F1E6E61B0E76E3006482B6 /* Supporting Files */,
			);
			path = "Dummy Init";
			sourceTree = "<group>";
		};
		D1F1E6E61B0E76E3006482B6 /* Supporting Files */ = {
			isa = PBXGroup;
			children = (
				D1F1E6E71B0E76E3006482B6 /* Info.plist */,
				D1F1E6E81B0E76E3006482B6 /* main.m */,
			);
			name = "Supporting Files";
			sourceTree = "<group>";
		};
		D1F1E7021B0E76E3006482B6 /* Dummy InitTests */ = {
			isa = PBXGroup;
			children = (
				D1F1E7051B0E76E3006482B6 /* Dummy_InitTests.m */,
				D1F1E7031B0E76E3006482B6 /* Supporting Files */,
			);
			path = "Dummy InitTests";
			sourceTree = "<group>";
		};
		D1F1E7031B0E76E3006482B6 /* Supporting Files */ = {
			isa = PBXGroup;
			children = (
				D1F1E7041B0E76E3006482B6 /* Info.plist */,
			);
			name = "Supporting Files";
			sourceTree = "<group>";
		};
/* End PBXGroup section */

/* Begin PBXNativeTarget section */
		D1F1E6E21B0E76E3006482B6 /* Dummy Init */ = {
			isa = PBXNativeTarget;
			buildConfigurationList = D1F1E7091B0E76E3006482B6 /* Build configuration list for PBXNativeTarget "Dummy Init" */;
			buildPhases = (
				D1F1E6DF1B0E76E3006482B6 /* Sources */,
				D1F1E6E01B0E76E3006482B6 /* Frameworks */,
				D1F1E6E11B0E76E3006482B6 /* Resources */,
			);
			buildRules = (
			);
			dependencies = (
			);
			name = "Dummy Init";
			productName = "Dummy Init";
			productReference = D1F1E6E31B0E76E3006482B6 /* Dummy Init.app */;
			productType = "com.apple.product-type.application";
		};
		D1F1E6FE1B0E76E3006482B6 /* Dummy InitTests */ = {
			isa = PBXNativeTarget;
			buildConfigurationList = D1F1E70C1B0E76E3006482B6 /* Build configuration list for PBXNativeTarget "Dummy InitTests" */;
			buildPhases = (
				D1F1E6FB1B0E76E3006482B6 /* Sources */,
				D1F1E6FC1B0E76E3006482B6 /* Frameworks */,
				D1F1E6FD1B0E76E3006482B6 /* Resources */,
			);
			buildRules = (
			);
			dependencies = (
				D1F1E7011B0E76E3006482B6 /* PBXTargetDependency */,
			);
			name = "Dummy InitTests";
			productName = "Dummy InitTests";
			productReference = D1F1E6FF1B0E76E3006482B6 /* Dummy InitTests.xctest */;
			productType = "com.apple.product-type.bundle.unit-test";
		};
/* End PBXNativeTarget section */

/* Begin PBXProject section */
		D1F1E6DB1B0E76E3006482B6 /* Project object */ = {
			isa = PBXProject;
			attributes = {
				LastUpgradeCheck = 0630;
				ORGANIZATIONNAME = Smartplace;
				TargetAttributes = {
					D1F1E6E21B0E76E3006482B6 = {
						CreatedOnToolsVersion = 6.3.1;
					};
					D1F1E6FE1B0E76E3006482B6 = {
						CreatedOnToolsVersion = 6.3.1;
						TestTargetID = D1F1E6E21B0E76E3006482B6;
					};
				};
			};
			buildConfigurationList = D1F1E6DE1B0E76E3006482B6 /* Build configuration list for PBXProject "Dummy Init" */;
			compatibilityVersion = "Xcode 3.2";
			developmentRegion = English;
			hasScannedForEncodings = 0;
			knownRegions = (
				en,
				Base,
			);
			mainGroup = D1F1E6DA1B0E76E3006482B6;
			productRefGroup = D1F1E6E41B0E76E3006482B6 /* Products */;
			projectDirPath = "";
			projectRoot = "";
			targets = (
				D1F1E6E21B0E76E3006482B6 /* Dummy Init */,
				D1F1E6FE1B0E76E3006482B6 /* Dummy InitTests */,
			);
		};
/* End PBXProject section */

/* Begin PBXResourcesBuildPhase section */
		D1F1E6E11B0E76E3006482B6 /* Resources */ = {
			isa = PBXResourcesBuildPhase;
			buildActionMask = 2147483647;
			files = (
				D1F1E6F51B0E76E3006482B6 /* Main.storyboard in Resources */,
				D1F1E6FA1B0E76E3006482B6 /* LaunchScreen.xib in Resources */,
				D1F1E6F71B0E76E3006482B6 /* Images.xcassets in Resources */,
			);
			runOnlyForDeploymentPostprocessing = 0;
		};
		D1F1E6FD1B0E76E3006482B6 /* Resources */ = {
			isa = PBXResourcesBuildPhase;
			buildActionMask = 2147483647;
			files = (
			);
			runOnlyForDeploymentPostprocessing = 0;
		};
/* End PBXResourcesBuildPhase section */

/* Begin PBXSourcesBuildPhase section */
		D1F1E6DF1B0E76E3006482B6 /* Sources */ = {
			isa = PBXSourcesBuildPhase;
			buildActionMask = 2147483647;
			files = (
				D1F1E6EF1B0E76E3006482B6 /* Dummy_Init.xcdatamodeld in Sources */,
				D1F1E6EC1B0E76E3006482B6 /* AppDelegate.m in Sources */,
				D1F1E6F21B0E76E3006482B6 /* ViewController.m in Sources */,
				D1F1E6E91B0E76E3006482B6 /* main.m in Sources */,
			);
			runOnlyForDeploymentPostprocessing = 0;
		};
		D1F1E6FB1B0E76E3006482B6 /* Sources */ = {
			isa = PBXSourcesBuildPhase;
			buildActionMask = 2147483647;
			files = (
				D1F1E7061B0E76E3006482B6 /* Dummy_InitTests.m in Sources */,
			);
			runOnlyForDeploymentPostprocessing = 0;
		};
/* End PBXSourcesBuildPhase section */

/* Begin PBXTargetDependency section */
		D1F1E7011B0E76E3006482B6 /* PBXTargetDependency */ = {
			isa = PBXTargetDependency;
			target = D1F1E6E21B0E76E3006482B6 /* Dummy Init */;
			targetProxy = D1F1E7001B0E76E3006482B6 /* PBXContainerItemProxy */;
		};
/* End PBXTargetDependency section */

/* Begin PBXVariantGroup section */
		D1F1E6F31B0E76E3006482B6 /* Main.storyboard */ = {
			isa = PBXVariantGroup;
			children = (
				D1F1E6F41B0E76E3006482B6 /* Base */,
			);
			name = Main.storyboard;
			sourceTree = "<group>";
		};
		D1F1E6F81B0E76E3006482B6 /* LaunchScreen.xib */ = {
			isa = PBXVariantGroup;
			children = (
				D1F1E6F91B0E76E3006482B6 /* Base */,
			);
			name = LaunchScreen.xib;
			sourceTree = "<group>";
		};
/* End PBXVariantGroup section */

/* Begin XCBuildConfiguration section */
		D1F1E7071B0E76E3006482B6 /* Debug */ = {
			isa = XCBuildConfiguration;
			buildSettings = {
				ALWAYS_SEARCH_USER_PATHS = NO;
				CLANG_CXX_LANGUAGE_STANDARD = "gnu++0x";
				CLANG_CXX_LIBRARY = "libc++";
				CLANG_ENABLE_MODULES = YES;
				CLANG_ENABLE_OBJC_ARC = YES;
				CLANG_WARN_BOOL_CONVERSION = YES;
				CLANG_WARN_CONSTANT_CONVERSION = YES;
				CLANG_WARN_DIRECT_OBJC_ISA_USAGE = YES_ERROR;
				CLANG_WARN_EMPTY_BODY = YES;
				CLANG_WARN_ENUM_CONVERSION = YES;
				CLANG_WARN_INT_CONVERSION = YES;
				CLANG_WARN_OBJC_ROOT_CLASS = YES_ERROR;
				CLANG_WARN_UNREACHABLE_CODE = YES;
				CLANG_WARN__DUPLICATE_METHOD_MATCH = YES;
				"CODE_SIGN_IDENTITY[sdk=iphoneos*]" = "iPhone Developer";
				COPY_PHASE_STRIP = NO;
				DEBUG_INFORMATION_FORMAT = "dwarf-with-dsym";
				ENABLE_STRICT_OBJC_MSGSEND = YES;
				GCC_C_LANGUAGE_STANDARD = gnu99;
				GCC_DYNAMIC_NO_PIC = NO;
				GCC_NO_COMMON_BLOCKS = YES;
				GCC_OPTIMIZATION_LEVEL = 0;
				GCC_PREPROCESSOR_DEFINITIONS = (
					"DEBUG=1",
					"$(inherited)",
				);
				GCC_SYMBOLS_PRIVATE_EXTERN = NO;
				GCC_WARN_64_TO_32_BIT_CONVERSION = YES;
				GCC_WARN_ABOUT_RETURN_TYPE = YES_ERROR;
				GCC_WARN_UNDECLARED_SELECTOR = YES;
				GCC_WARN_UNINITIALIZED_AUTOS = YES_AGGRESSIVE;
				GCC_WARN_UNUSED_FUNCTION = YES;
				GCC_WARN_UNUSED_VARIABLE = YES;
				IPHONEOS_DEPLOYMENT_TARGET = 8.3;
				MTL_ENABLE_DEBUG_INFO = YES;
				ONLY_ACTIVE_ARCH = YES;
				SDKROOT = iphoneos;
			};
			name = Debug;
		};
		D1F1E7081B0E76E3006482B6 /* Release */ = {
			isa = XCBuildConfiguration;
			buildSettings = {
				ALWAYS_SEARCH_USER_PATHS = NO;
				CLANG_CXX_LANGUAGE_STANDARD = "gnu++0x";
				CLANG_CXX_LIBRARY = "libc++";
				CLANG_ENABLE_MODULES = YES;
				CLANG_ENABLE_OBJC_ARC = YES;
				CLANG_WARN_BOOL_CONVERSION = YES;
				CLANG_WARN_CONSTANT_CONVERSION = YES;
				CLANG_WARN_DIRECT_OBJC_ISA_USAGE = YES_ERROR;
				CLANG_WARN_EMPTY_BODY = YES;
				CLANG_WARN_ENUM_CONVERSION = YES;
				CLANG_WARN_INT_CONVERSION = YES;
				CLANG_WARN_OBJC_ROOT_CLASS = YES_ERROR;
				CLANG_WARN_UNREACHABLE_CODE = YES;
				CLANG_WARN__DUPLICATE_METHOD_MATCH = YES;
				"CODE_SIGN_IDENTITY[sdk=iphoneos*]" = "iPhone Developer";
				COPY_PHASE_STRIP = NO;
				DEBUG_INFORMATION_FORMAT = "dwarf-with-dsym";
				ENABLE_NS_ASSERTIONS = NO;
				ENABLE_STRICT_OBJC_MSGSEND = YES;
				GCC_C_LANGUAGE_STANDARD = gnu99;
				GCC_NO_COMMON_BLOCKS = YES;
				GCC_WARN_64_TO_32_BIT_CONVERSION = YES;
				GCC_WARN_ABOUT_RETURN_TYPE = YES_ERROR;
				GCC_WARN_UNDECLARED_SELECTOR = YES;
				GCC_WARN_UNINITIALIZED_AUTOS = YES_AGGRESSIVE;
				GCC_WARN_UNUSED_FUNCTION = YES;
				GCC_WARN_UNUSED_VARIABLE = YES;
				IPHONEOS_DEPLOYMENT_TARGET = 8.3;
				MTL_ENABLE_DEBUG_INFO = NO;
				SDKROOT = iphoneos;
				VALIDATE_PRODUCT = YES;
			};
			name = Release;
		};
		D1F1E70A1B0E76E3006482B6 /* Debug */ = {
			isa = XCBuildConfiguration;
			buildSettings = {
				ASSETCATALOG_COMPILER_APPICON_NAME = AppIcon;
				INFOPLIST_FILE = "Dummy Init/Info.plist";
				LD_RUNPATH_SEARCH_PATHS = "$(inherited) @executable_path/Frameworks";
				PRODUCT_NAME = "$(TARGET_NAME)";
			};
			name = Debug;
		};
		D1F1E70B1B0E76E3006482B6 /* Release */ = {
			isa = XCBuildConfiguration;
			buildSettings = {
				ASSETCATALOG_COMPILER_APPICON_NAME = AppIcon;
				INFOPLIST_FILE = "Dummy Init/Info.plist";
				LD_RUNPATH_SEARCH_PATHS = "$(inherited) @executable_path/Frameworks";
				PRODUCT_NAME = "$(TARGET_NAME)";
			};
			name = Release;
		};
		D1F1E70D1B0E76E3006482B6 /* Debug */ = {
			isa = XCBuildConfiguration;
			buildSettings = {
				BUNDLE_LOADER = "$(TEST_HOST)";
				FRAMEWORK_SEARCH_PATHS = (
					"$(SDKROOT)/Developer/Library/Frameworks",
					"$(inherited)",
				);
				GCC_PREPROCESSOR_DEFINITIONS = (
					"DEBUG=1",
					"$(inherited)",
				);
				INFOPLIST_FILE = "Dummy InitTests/Info.plist";
				LD_RUNPATH_SEARCH_PATHS = "$(inherited) @executable_path/Frameworks @loader_path/Frameworks";
				PRODUCT_NAME = "$(TARGET_NAME)";
				TEST_HOST = "$(BUILT_PRODUCTS_DIR)/Dummy Init.app/Dummy Init";
			};
			name = Debug;
		};
		D1F1E70E1B0E76E3006482B6 /* Release */ = {
			isa = XCBuildConfiguration;
			buildSettings = {
				BUNDLE_LOADER = "$(TEST_HOST)";
				FRAMEWORK_SEARCH_PATHS = (
					"$(SDKROOT)/Developer/Library/Frameworks",
					"$(inherited)",
				);
				INFOPLIST_FILE = "Dummy InitTests/Info.plist";
				LD_RUNPATH_SEARCH_PATHS = "$(inherited) @executable_path/Frameworks @loader_path/Frameworks";
				PRODUCT_NAME = "$(TARGET_NAME)";
				TEST_HOST = "$(BUILT_PRODUCTS_DIR)/Dummy Init.app/Dummy Init";
			};
			name = Release;
		};
/* End XCBuildConfiguration section */

/* Begin XCConfigurationList section */
		D1F1E6DE1B0E76E3006482B6 /* Build configuration list for PBXProject "Dummy Init" */ = {
			isa = XCConfigurationList;
			buildConfigurations = (
				D1F1E7071B0E76E3006482B6 /* Debug */,
				D1F1E7081B0E76E3006482B6 /* Release */,
			);
			defaultConfigurationIsVisible = 0;
			defaultConfigurationName = Release;
		};
		D1F1E7091B0E76E3006482B6 /* Build configuration list for PBXNativeTarget "Dummy Init" */ = {
			isa = XCConfigurationList;
			buildConfigurations = (
				D1F1E70A1B0E76E3006482B6 /* Debug */,
				D1F1E70B1B0E76E3006482B6 /* Release */,
			);
			defaultConfigurationIsVisible = 0;
		};
		D1F1E70C1B0E76E3006482B6 /* Build configuration list for PBXNativeTarget "Dummy InitTests" */ = {
			isa = XCConfigurationList;
			buildConfigurations = (
				D1F1E70D1B0E76E3006482B6 /* Debug */,
				D1F1E70E1B0E76E3006482B6 /* Release */,
			);
			defaultConfigurationIsVisible = 0;
		};
/* End XCConfigurationList section */

/* Begin XCVersionGroup section */
		D1F1E6ED1B0E76E3006482B6 /* Dummy_Init.xcdatamodeld */ = {
			isa = XCVersionGroup;
			children = (
				D1F1E6EE1B0E76E3006482B6 /* Dummy_Init.xcdatamodel */,
			);
			currentVersion = D1F1E6EE1B0E76E3006482B6 /* Dummy_Init.xcdatamodel */;
			path = Dummy_Init.xcdatamodeld;
			sourceTree = "<group>";
			versionGroupType = wrapper.xcdatamodel;
		};
/* End XCVersionGroup section */
	};
	rootObject = D1F1E6DB1B0E76E3006482B6 /* Project object */;
}
